Microsoft Visual Studio Solution File, Format Version 12.00
# Visual Studio Version 17
VisualStudioVersion = 17.13.35828.75
MinimumVisualStudioVersion = 10.0.40219.1
Project("{FAE04EC0-301F-11D3-BF4B-00C04F79EFBC}") = "CONTACLIST", "CONTACLIST.csproj", "{5DF5C83D-BB58-436B-9267-D68529389CA4}"
EndProject
Global
	GlobalSection(SolutionConfigurationPlatforms) = preSolution
		Debug|Any CPU = Debug|Any CPU
		Release|Any CPU = Release|Any CPU
	EndGlobalSection
	GlobalSection(ProjectConfigurationPlatforms) = postSolution
		{5DF5C83D-BB58-436B-9267-D68529389CA4}.Debug|Any CPU.ActiveCfg = Debug|Any CPU
		{5DF5C83D-BB58-436B-9267-D68529389CA4}.Debug|Any CPU.Build.0 = Debug|Any CPU
		{5DF5C83D-BB58-436B-9267-D68529389CA4}.Release|Any CPU.ActiveCfg = Release|Any CPU
		{5DF5C83D-BB58-436B-9267-D68529389CA4}.Release|Any CPU.Build.0 = Release|Any CPU
	EndGlobalSection
	GlobalSection(SolutionProperties) = preSolution
		HideSolutionNode = FALSE
	EndGlobalSection
	GlobalSection(ExtensibilityGlobals) = postSolution
		SolutionGuid = {469E2DE9-B156-41BB-B193-1254EA57E65B}
	EndGlobalSection
EndGlobal
